
Microsoft Visual Studio Solution File, Format Version 12.00
Project("{FAE04EC0-301F-11D3-BF4B-00C04F79EFBC}") = "Vintri.Beers.Api", "src\Vintri.Beers.Api\Vintri.Beers.Api.csproj", "{F7A4D141-7599-4C2E-A00A-5F72C8CC09CE}"
EndProject
Project("{FAE04EC0-301F-11D3-BF4B-00C04F79EFBC}") = "Vintri.Beers.Core", "src\Vintri.Beers.Core\Vintri.Beers.Core.csproj", "{49C1D5F7-48D6-4551-AEFC-F2534A0F2EA1}"
EndProject
Project("{FAE04EC0-301F-11D3-BF4B-00C04F79EFBC}") = "Vintri.Beers.Infrastructure", "src\Vintri.Beers.Infrastructure\Vintri.Beers.Infrastructure.csproj", "{C00C0855-FF82-400E-9D2E-31E79E89A322}"
EndProject
Project("{FAE04EC0-301F-11D3-BF4B-00C04F79EFBC}") = "Vintri.Beers.Core.Tests", "tests\Vintri.Beers.Core.Tests\Vintri.Beers.Core.Tests.csproj", "{B86E0641-26F6-4562-980D-07744509688A}"
EndProject
Project("{2150E333-8FDC-42A3-9474-1A3956D46DE8}") = "Tests", "Tests", "{AAE500E8-414E-444A-8CF2-58F4EFB4F26C}"
EndProject
Project("{FAE04EC0-301F-11D3-BF4B-00C04F79EFBC}") = "Vintri.Beers.Api.Tests", "tests\Vintri.Beers.Api.Tests\Vintri.Beers.Api.Tests.csproj", "{3043EAD2-637C-4CA7-8F93-82E05A9AFBB3}"
EndProject
Global
	GlobalSection(SolutionConfigurationPlatforms) = preSolution
		Debug|Any CPU = Debug|Any CPU
		Release|Any CPU = Release|Any CPU
	EndGlobalSection
	GlobalSection(ProjectConfigurationPlatforms) = postSolution
		{F7A4D141-7599-4C2E-A00A-5F72C8CC09CE}.Debug|Any CPU.ActiveCfg = Debug|Any CPU
		{F7A4D141-7599-4C2E-A00A-5F72C8CC09CE}.Debug|Any CPU.Build.0 = Debug|Any CPU
		{F7A4D141-7599-4C2E-A00A-5F72C8CC09CE}.Release|Any CPU.ActiveCfg = Release|Any CPU
		{F7A4D141-7599-4C2E-A00A-5F72C8CC09CE}.Release|Any CPU.Build.0 = Release|Any CPU
		{49C1D5F7-48D6-4551-AEFC-F2534A0F2EA1}.Debug|Any CPU.ActiveCfg = Debug|Any CPU
		{49C1D5F7-48D6-4551-AEFC-F2534A0F2EA1}.Debug|Any CPU.Build.0 = Debug|Any CPU
		{49C1D5F7-48D6-4551-AEFC-F2534A0F2EA1}.Release|Any CPU.ActiveCfg = Release|Any CPU
		{49C1D5F7-48D6-4551-AEFC-F2534A0F2EA1}.Release|Any CPU.Build.0 = Release|Any CPU
		{C00C0855-FF82-400E-9D2E-31E79E89A322}.Debug|Any CPU.ActiveCfg = Debug|Any CPU
		{C00C0855-FF82-400E-9D2E-31E79E89A322}.Debug|Any CPU.Build.0 = Debug|Any CPU
		{C00C0855-FF82-400E-9D2E-31E79E89A322}.Release|Any CPU.ActiveCfg = Release|Any CPU
		{C00C0855-FF82-400E-9D2E-31E79E89A322}.Release|Any CPU.Build.0 = Release|Any CPU
		{B86E0641-26F6-4562-980D-07744509688A}.Debug|Any CPU.ActiveCfg = Debug|Any CPU
		{B86E0641-26F6-4562-980D-07744509688A}.Debug|Any CPU.Build.0 = Debug|Any CPU
		{B86E0641-26F6-4562-980D-07744509688A}.Release|Any CPU.ActiveCfg = Release|Any CPU
		{B86E0641-26F6-4562-980D-07744509688A}.Release|Any CPU.Build.0 = Release|Any CPU
		{3043EAD2-637C-4CA7-8F93-82E05A9AFBB3}.Debug|Any CPU.ActiveCfg = Debug|Any CPU
		{3043EAD2-637C-4CA7-8F93-82E05A9AFBB3}.Debug|Any CPU.Build.0 = Debug|Any CPU
		{3043EAD2-637C-4CA7-8F93-82E05A9AFBB3}.Release|Any CPU.ActiveCfg = Release|Any CPU
		{3043EAD2-637C-4CA7-8F93-82E05A9AFBB3}.Release|Any CPU.Build.0 = Release|Any CPU
	EndGlobalSection
	GlobalSection(NestedProjects) = preSolution
		{B86E0641-26F6-4562-980D-07744509688A} = {AAE500E8-414E-444A-8CF2-58F4EFB4F26C}
		{3043EAD2-637C-4CA7-8F93-82E05A9AFBB3} = {AAE500E8-414E-444A-8CF2-58F4EFB4F26C}
	EndGlobalSection
EndGlobal
